
Microsoft Visual Studio Solution File, Format Version 12.00
# Visual Studio Version 16
VisualStudioVersion = 16.0.31112.23
MinimumVisualStudioVersion = 10.0.40219.1
Project("{9A19103F-16F7-4668-BE54-9A1E7A4F7556}") = "RookieEShop.FrontEnd", "RookieEShop.FrontEnd\RookieEShop.FrontEnd.csproj", "{E714299A-74B2-4295-8127-648D6D3C395E}"
EndProject
Project("{FAE04EC0-301F-11D3-BF4B-00C04F79EFBC}") = "RookieEShop.Shared", "RookieEShop.Shared\RookieEShop.Shared.csproj", "{F5A1165A-B435-480E-861B-7E14F4AFB11D}"
EndProject
Project("{9A19103F-16F7-4668-BE54-9A1E7A4F7556}") = "RookieEShop.BackEnd", "RookieEShop.BackEnd\RookieEShop.BackEnd.csproj", "{CE6EDACB-D7D1-4595-973A-3BEA00704A36}"
EndProject
Global
	GlobalSection(SolutionConfigurationPlatforms) = preSolution
		Debug|Any CPU = Debug|Any CPU
		Release|Any CPU = Release|Any CPU
	EndGlobalSection
	GlobalSection(ProjectConfigurationPlatforms) = postSolution
		{E714299A-74B2-4295-8127-648D6D3C395E}.Debug|Any CPU.ActiveCfg = Debug|Any CPU
		{E714299A-74B2-4295-8127-648D6D3C395E}.Debug|Any CPU.Build.0 = Debug|Any CPU
		{E714299A-74B2-4295-8127-648D6D3C395E}.Release|Any CPU.ActiveCfg = Release|Any CPU
		{E714299A-74B2-4295-8127-648D6D3C395E}.Release|Any CPU.Build.0 = Release|Any CPU
		{F5A1165A-B435-480E-861B-7E14F4AFB11D}.Debug|Any CPU.ActiveCfg = Debug|Any CPU
		{F5A1165A-B435-480E-861B-7E14F4AFB11D}.Debug|Any CPU.Build.0 = Debug|Any CPU
		{F5A1165A-B435-480E-861B-7E14F4AFB11D}.Release|Any CPU.ActiveCfg = Release|Any CPU
		{F5A1165A-B435-480E-861B-7E14F4AFB11D}.Release|Any CPU.Build.0 = Release|Any CPU
		{CE6EDACB-D7D1-4595-973A-3BEA00704A36}.Debug|Any CPU.ActiveCfg = Debug|Any CPU
		{CE6EDACB-D7D1-4595-973A-3BEA00704A36}.Debug|Any CPU.Build.0 = Debug|Any CPU
		{CE6EDACB-D7D1-4595-973A-3BEA00704A36}.Release|Any CPU.ActiveCfg = Release|Any CPU
		{CE6EDACB-D7D1-4595-973A-3BEA00704A36}.Release|Any CPU.Build.0 = Release|Any CPU
	EndGlobalSection
	GlobalSection(SolutionProperties) = preSolution
		HideSolutionNode = FALSE
	EndGlobalSection
	GlobalSection(ExtensibilityGlobals) = postSolution
		SolutionGuid = {1C168FCC-A160-4D64-8641-EC6FE32859A0}
	EndGlobalSection
EndGlobal
